
Microsoft Visual Studio Solution File, Format Version 12.00
# Visual Studio Version 16
VisualStudioVersion = 16.0.30114.105
MinimumVisualStudioVersion = 10.0.40219.1
Project("{2150E333-8FDC-42A3-9474-1A3956D46DE8}") = "src", "src", "{374EAF00-98E8-4213-96BC-D0CE9713F379}"
EndProject
Project("{FAE04EC0-301F-11D3-BF4B-00C04F79EFBC}") = "CertGenTools", "src\CertGenTools\CertGenTools.csproj", "{EDE67660-F8D0-497C-A705-F1495F9DCB7C}"
EndProject
Global
	GlobalSection(SolutionConfigurationPlatforms) = preSolution
		Debug|Any CPU = Debug|Any CPU
		Release|Any CPU = Release|Any CPU
	EndGlobalSection
	GlobalSection(SolutionProperties) = preSolution
		HideSolutionNode = FALSE
	EndGlobalSection
	GlobalSection(ProjectConfigurationPlatforms) = postSolution
		{EDE67660-F8D0-497C-A705-F1495F9DCB7C}.Debug|Any CPU.ActiveCfg = Debug|Any CPU
		{EDE67660-F8D0-497C-A705-F1495F9DCB7C}.Debug|Any CPU.Build.0 = Debug|Any CPU
		{EDE67660-F8D0-497C-A705-F1495F9DCB7C}.Release|Any CPU.ActiveCfg = Release|Any CPU
		{EDE67660-F8D0-497C-A705-F1495F9DCB7C}.Release|Any CPU.Build.0 = Release|Any CPU
	EndGlobalSection
	GlobalSection(NestedProjects) = preSolution
		{EDE67660-F8D0-497C-A705-F1495F9DCB7C} = {374EAF00-98E8-4213-96BC-D0CE9713F379}
	EndGlobalSection
EndGlobal
